// !$*UTF8*$!
{
	archiveVersion = 1;
	classes = {
	};
	objectVersion = 55;
	objects = {

/* Begin PBXBuildFile section */
		34335C91286C8761000913BF /* AppDelegate.swift in Sources */ = {isa = PBXBuildFile; fileRef = 34335C90286C8761000913BF /* AppDelegate.swift */; };
		34335C93286C8761000913BF /* SceneDelegate.swift in Sources */ = {isa = PBXBuildFile; fileRef = 34335C92286C8761000913BF /* SceneDelegate.swift */; };
		34335C95286C8761000913BF /* TabBarViewController.swift in Sources */ = {isa = PBXBuildFile; fileRef = 34335C94286C8761000913BF /* TabBarViewController.swift */; };
		34335C9A286C8763000913BF /* Assets.xcassets in Resources */ = {isa = PBXBuildFile; fileRef = 34335C99286C8763000913BF /* Assets.xcassets */; };
		34335C9D286C8763000913BF /* LaunchScreen.storyboard in Resources */ = {isa = PBXBuildFile; fileRef = 34335C9B286C8763000913BF /* LaunchScreen.storyboard */; };
		34335CAE286CA1DF000913BF /* StopwatchViewController.swift in Sources */ = {isa = PBXBuildFile; fileRef = 34335CAD286CA1DF000913BF /* StopwatchViewController.swift */; };
		34335CB0286CA526000913BF /* ToDoListViewController.swift in Sources */ = {isa = PBXBuildFile; fileRef = 34335CAF286CA526000913BF /* ToDoListViewController.swift */; };
		34335CB2286CA53D000913BF /* DetailViewController.swift in Sources */ = {isa = PBXBuildFile; fileRef = 34335CB1286CA53D000913BF /* DetailViewController.swift */; };
		34335CB4286CA559000913BF /* TaskTableViewCell.swift in Sources */ = {isa = PBXBuildFile; fileRef = 34335CB3286CA559000913BF /* TaskTableViewCell.swift */; };
		34335CB6286CA570000913BF /* Task.swift in Sources */ = {isa = PBXBuildFile; fileRef = 34335CB5286CA570000913BF /* Task.swift */; };
/* End PBXBuildFile section */

/* Begin PBXFileReference section */
		34335C8D286C8761000913BF /* MixTwoApps.app */ = {isa = PBXFileReference; explicitFileType = wrapper.application; includeInIndex = 0; path = MixTwoApps.app; sourceTree = BUILT_PRODUCTS_DIR; };
		34335C90286C8761000913BF /* AppDelegate.swift */ = {isa = PBXFileReference; lastKnownFileType = sourcecode.swift; path = AppDelegate.swift; sourceTree = "<group>"; };
		34335C92286C8761000913BF /* SceneDelegate.swift */ = {isa = PBXFileReference; lastKnownFileType = sourcecode.swift; path = SceneDelegate.swift; sourceTree = "<group>"; };
		34335C94286C8761000913BF /* TabBarViewController.swift */ = {isa = PBXFileReference; lastKnownFileType = sourcecode.swift; path = TabBarViewController.swift; sourceTree = "<group>"; };
		34335C99286C8763000913BF /* Assets.xcassets */ = {isa = PBXFileReference; lastKnownFileType = folder.assetcatalog; path = Assets.xcassets; sourceTree = "<group>"; };
		34335C9C286C8763000913BF /* Base */ = {isa = PBXFileReference; lastKnownFileType = file.storyboard; name = Base; path = Base.lproj/LaunchScreen.storyboard; sourceTree = "<group>"; };
		34335C9E286C8763000913BF /* Info.plist */ = {isa = PBXFileReference; lastKnownFileType = text.plist.xml; path = Info.plist; sourceTree = "<group>"; };
		34335CAD286CA1DF000913BF /* StopwatchViewController.swift */ = {isa = PBXFileReference; lastKnownFileType = sourcecode.swift; path = StopwatchViewController.swift; sourceTree = "<group>"; };
		34335CAF286CA526000913BF /* ToDoListViewController.swift */ = {isa = PBXFileReference; lastKnownFileType = sourcecode.swift; path = ToDoListViewController.swift; sourceTree = "<group>"; };
		34335CB1286CA53D000913BF /* DetailViewController.swift */ = {isa = PBXFileReference; lastKnownFileType = sourcecode.swift; path = DetailViewController.swift; sourceTree = "<group>"; };
		34335CB3286CA559000913BF /* TaskTableViewCell.swift */ = {isa = PBXFileReference; lastKnownFileType = sourcecode.swift; path = TaskTableViewCell.swift; sourceTree = "<group>"; };
		34335CB5286CA570000913BF /* Task.swift */ = {isa = PBXFileReference; lastKnownFileType = sourcecode.swift; path = Task.swift; sourceTree = "<group>"; };
/* End PBXFileReference section */

/* Begin PBXFrameworksBuildPhase section */
		34335C8A286C8761000913BF /* Frameworks */ = {
			isa = PBXFrameworksBuildPhase;
			buildActionMask = 2147483647;
			files = (
			);
			runOnlyForDeploymentPostprocessing = 0;
		};
/* End PBXFrameworksBuildPhase section */

/* Begin PBXGroup section */
		34335C84286C8761000913BF = {
			isa = PBXGroup;
			children = (
				34335C8F286C8761000913BF /* MixTwoApps */,
				34335C8E286C8761000913BF /* Products */,
			);
			sourceTree = "<group>";
		};
		34335C8E286C8761000913BF /* Products */ = {
			isa = PBXGroup;
			children = (
				34335C8D286C8761000913BF /* MixTwoApps.app */,
			);
			name = Products;
			sourceTree = "<group>";
		};
		34335C8F286C8761000913BF /* MixTwoApps */ = {
			isa = PBXGroup;
			children = (
				34335CB7286D9430000913BF /* TabBar */,
				34335CA5286C8E7B000913BF /* ToDoList */,
				34335CA4286C8E60000913BF /* Stopwatch */,
				34335CAC286C8ED5000913BF /* Resources */,
				34335C9E286C8763000913BF /* Info.plist */,
			);
			path = MixTwoApps;
			sourceTree = "<group>";
		};
		34335CA4286C8E60000913BF /* Stopwatch */ = {
			isa = PBXGroup;
			children = (
				34335CAB286C8EC7000913BF /* Model */,
				34335CAA286C8EC0000913BF /* View */,
				34335CA9286C8EB6000913BF /* Controller */,
			);
			path = Stopwatch;
			sourceTree = "<group>";
		};
		34335CA5286C8E7B000913BF /* ToDoList */ = {
			isa = PBXGroup;
			children = (
				34335CA8286C8EAE000913BF /* Model */,
				34335CA7286C8EA5000913BF /* View */,
				34335CA6286C8E9A000913BF /* Controller */,
			);
			path = ToDoList;
			sourceTree = "<group>";
		};
		34335CA6286C8E9A000913BF /* Controller */ = {
			isa = PBXGroup;
			children = (
				34335CAF286CA526000913BF /* ToDoListViewController.swift */,
				34335CB1286CA53D000913BF /* DetailViewController.swift */,
			);
			path = Controller;
			sourceTree = "<group>";
		};
		34335CA7286C8EA5000913BF /* View */ = {
			isa = PBXGroup;
			children = (
				34335CB3286CA559000913BF /* TaskTableViewCell.swift */,
			);
			path = View;
			sourceTree = "<group>";
		};
		34335CA8286C8EAE000913BF /* Model */ = {
			isa = PBXGroup;
			children = (
				34335CB5286CA570000913BF /* Task.swift */,
			);
			path = Model;
			sourceTree = "<group>";
		};
		34335CA9286C8EB6000913BF /* Controller */ = {
			isa = PBXGroup;
			children = (
				34335CAD286CA1DF000913BF /* StopwatchViewController.swift */,
			);
			path = Controller;
			sourceTree = "<group>";
		};
		34335CAA286C8EC0000913BF /* View */ = {
			isa = PBXGroup;
			children = (
			);
			path = View;
			sourceTree = "<group>";
		};
		34335CAB286C8EC7000913BF /* Model */ = {
			isa = PBXGroup;
			children = (
			);
			path = Model;
			sourceTree = "<group>";
		};
		34335CAC286C8ED5000913BF /* Resources */ = {
			isa = PBXGroup;
			children = (
				34335C92286C8761000913BF /* SceneDelegate.swift */,
				34335C90286C8761000913BF /* AppDelegate.swift */,
				34335C9B286C8763000913BF /* LaunchScreen.storyboard */,
				34335C99286C8763000913BF /* Assets.xcassets */,
			);
			path = Resources;
			sourceTree = "<group>";
		};
		34335CB7286D9430000913BF /* TabBar */ = {
			isa = PBXGroup;
			children = (
				34335C94286C8761000913BF /* TabBarViewController.swift */,
			);
			path = TabBar;
			sourceTree = "<group>";
		};
/* End PBXGroup section */

/* Begin PBXNativeTarget section */
		34335C8C286C8761000913BF /* MixTwoApps */ = {
			isa = PBXNativeTarget;
			buildConfigurationList = 34335CA1286C8763000913BF /* Build configuration list for PBXNativeTarget "MixTwoApps" */;
			buildPhases = (
				34335C89286C8761000913BF /* Sources */,
				34335C8A286C8761000913BF /* Frameworks */,
				34335C8B286C8761000913BF /* Resources */,
			);
			buildRules = (
			);
			dependencies = (
			);
			name = MixTwoApps;
			productName = MixTwoApps;
			productReference = 34335C8D286C8761000913BF /* MixTwoApps.app */;
			productType = "com.apple.product-type.application";
		};
/* End PBXNativeTarget section */

/* Begin PBXProject section */
		34335C85286C8761000913BF /* Project object */ = {
			isa = PBXProject;
			attributes = {
				BuildIndependentTargetsInParallel = 1;
				LastSwiftUpdateCheck = 1310;
				LastUpgradeCheck = 1310;
				TargetAttributes = {
					34335C8C286C8761000913BF = {
						CreatedOnToolsVersion = 13.1;
					};
				};
			};
			buildConfigurationList = 34335C88286C8761000913BF /* Build configuration list for PBXProject "MixTwoApps" */;
			compatibilityVersion = "Xcode 13.0";
			developmentRegion = en;
			hasScannedForEncodings = 0;
			knownRegions = (
				en,
				Base,
			);
			mainGroup = 34335C84286C8761000913BF;
			productRefGroup = 34335C8E286C8761000913BF /* Products */;
			projectDirPath = "";
			projectRoot = "";
			targets = (
				34335C8C286C8761000913BF /* MixTwoApps */,
			);
		};
/* End PBXProject section */

/* Begin PBXResourcesBuildPhase section */
		34335C8B286C8761000913BF /* Resources */ = {
			isa = PBXResourcesBuildPhase;
			buildActionMask = 2147483647;
			files = (
				34335C9D286C8763000913BF /* LaunchScreen.storyboard in Resources */,
				34335C9A286C8763000913BF /* Assets.xcassets in Resources */,
			);
			runOnlyForDeploymentPostprocessing = 0;
		};
/* End PBXResourcesBuildPhase section */

/* Begin PBXSourcesBuildPhase section */
		34335C89286C8761000913BF /* Sources */ = {
			isa = PBXSourcesBuildPhase;
			buildActionMask = 2147483647;
			files = (
				34335CB6286CA570000913BF /* Task.swift in Sources */,
				34335CB4286CA559000913BF /* TaskTableViewCell.swift in Sources */,
				34335C95286C8761000913BF /* TabBarViewController.swift in Sources */,
				34335C91286C8761000913BF /* AppDelegate.swift in Sources */,
				34335CAE286CA1DF000913BF /* StopwatchViewController.swift in Sources */,
				34335CB2286CA53D000913BF /* DetailViewController.swift in Sources */,
				34335CB0286CA526000913BF /* ToDoListViewController.swift in Sources */,
				34335C93286C8761000913BF /* SceneDelegate.swift in Sources */,
			);
			runOnlyForDeploymentPostprocessing = 0;
		};
/* End PBXSourcesBuildPhase section */

/* Begin PBXVariantGroup section */
		34335C9B286C8763000913BF /* LaunchScreen.storyboard */ = {
			isa = PBXVariantGroup;
			children = (
				34335C9C286C8763000913BF /* Base */,
			);
			name = LaunchScreen.storyboard;
			sourceTree = "<group>";
		};
/* End PBXVariantGroup section */

/* Begin XCBuildConfiguration section */
		34335C9F286C8763000913BF /* Debug */ = {
			isa = XCBuildConfiguration;
			buildSettings = {
				ALWAYS_SEARCH_USER_PATHS = NO;
				CLANG_ANALYZER_NONNULL = YES;
				CLANG_ANALYZER_NUMBER_OBJECT_CONVERSION = YES_AGGRESSIVE;
				CLANG_CXX_LANGUAGE_STANDARD = "gnu++17";
				CLANG_CXX_LIBRARY = "libc++";
				CLANG_ENABLE_MODULES = YES;
				CLANG_ENABLE_OBJC_ARC = YES;
				CLANG_ENABLE_OBJC_WEAK = YES;
				CLANG_WARN_BLOCK_CAPTURE_AUTORELEASING = YES;
				CLANG_WARN_BOOL_CONVERSION = YES;
				CLANG_WARN_COMMA = YES;
				CLANG_WARN_CONSTANT_CONVERSION = YES;
				CLANG_WARN_DEPRECATED_OBJC_IMPLEMENTATIONS = YES;
				CLANG_WARN_DIRECT_OBJC_ISA_USAGE = YES_ERROR;
				CLANG_WARN_DOCUMENTATION_COMMENTS = YES;
				CLANG_WARN_EMPTY_BODY = YES;
				CLANG_WARN_ENUM_CONVERSION = YES;
				CLANG_WARN_INFINITE_RECURSION = YES;
				CLANG_WARN_INT_CONVERSION = YES;
				CLANG_WARN_NON_LITERAL_NULL_CONVERSION = YES;
				CLANG_WARN_OBJC_IMPLICIT_RETAIN_SELF = YES;
				CLANG_WARN_OBJC_LITERAL_CONVERSION = YES;
				CLANG_WARN_OBJC_ROOT_CLASS = YES_ERROR;
				CLANG_WARN_QUOTED_INCLUDE_IN_FRAMEWORK_HEADER = YES;
				CLANG_WARN_RANGE_LOOP_ANALYSIS = YES;
				CLANG_WARN_STRICT_PROTOTYPES = YES;
				CLANG_WARN_SUSPICIOUS_MOVE = YES;
				CLANG_WARN_UNGUARDED_AVAILABILITY = YES_AGGRESSIVE;
				CLANG_WARN_UNREACHABLE_CODE = YES;
				CLANG_WARN__DUPLICATE_METHOD_MATCH = YES;
				COPY_PHASE_STRIP = NO;
				DEBUG_INFORMATION_FORMAT = dwarf;
				ENABLE_STRICT_OBJC_MSGSEND = YES;
				ENABLE_TESTABILITY = YES;
				GCC_C_LANGUAGE_STANDARD = gnu11;
				GCC_DYNAMIC_NO_PIC = NO;
				GCC_NO_COMMON_BLOCKS = YES;
				GCC_OPTIMIZATION_LEVEL = 0;
				GCC_PREPROCESSOR_DEFINITIONS = (
					"DEBUG=1",
					"$(inherited)",
				);
				GCC_WARN_64_TO_32_BIT_CONVERSION = YES;
				GCC_WARN_ABOUT_RETURN_TYPE = YES_ERROR;
				GCC_WARN_UNDECLARED_SELECTOR = YES;
				GCC_WARN_UNINITIALIZED_AUTOS = YES_AGGRESSIVE;
				GCC_WARN_UNUSED_FUNCTION = YES;
				GCC_WARN_UNUSED_VARIABLE = YES;
				IPHONEOS_DEPLOYMENT_TARGET = 15.0;
				MTL_ENABLE_DEBUG_INFO = INCLUDE_SOURCE;
				MTL_FAST_MATH = YES;
				ONLY_ACTIVE_ARCH = YES;
				SDKROOT = iphoneos;
				SWIFT_ACTIVE_COMPILATION_CONDITIONS = DEBUG;
				SWIFT_OPTIMIZATION_LEVEL = "-Onone";
			};
			name = Debug;
		};
		34335CA0286C8763000913BF /* Release */ = {
			isa = XCBuildConfiguration;
			buildSettings = {
				ALWAYS_SEARCH_USER_PATHS = NO;
				CLANG_ANALYZER_NONNULL = YES;
				CLANG_ANALYZER_NUMBER_OBJECT_CONVERSION = YES_AGGRESSIVE;
				CLANG_CXX_LANGUAGE_STANDARD = "gnu++17";
				CLANG_CXX_LIBRARY = "libc++";
				CLANG_ENABLE_MODULES = YES;
				CLANG_ENABLE_OBJC_ARC = YES;
				CLANG_ENABLE_OBJC_WEAK = YES;
				CLANG_WARN_BLOCK_CAPTURE_AUTORELEASING = YES;
				CLANG_WARN_BOOL_CONVERSION = YES;
				CLANG_WARN_COMMA = YES;
				CLANG_WARN_CONSTANT_CONVERSION = YES;
				CLANG_WARN_DEPRECATED_OBJC_IMPLEMENTATIONS = YES;
				CLANG_WARN_DIRECT_OBJC_ISA_USAGE = YES_ERROR;
				CLANG_WARN_DOCUMENTATION_COMMENTS = YES;
				CLANG_WARN_EMPTY_BODY = YES;
				CLANG_WARN_ENUM_CONVERSION = YES;
				CLANG_WARN_INFINITE_RECURSION = YES;
				CLANG_WARN_INT_CONVERSION = YES;
				CLANG_WARN_NON_LITERAL_NULL_CONVERSION = YES;
				CLANG_WARN_OBJC_IMPLICIT_RETAIN_SELF = YES;
				CLANG_WARN_OBJC_LITERAL_CONVERSION = YES;
				CLANG_WARN_OBJC_ROOT_CLASS = YES_ERROR;
				CLANG_WARN_QUOTED_INCLUDE_IN_FRAMEWORK_HEADER = YES;
				CLANG_WARN_RANGE_LOOP_ANALYSIS = YES;
				CLANG_WARN_STRICT_PROTOTYPES = YES;
				CLANG_WARN_SUSPICIOUS_MOVE = YES;
				CLANG_WARN_UNGUARDED_AVAILABILITY = YES_AGGRESSIVE;
				CLANG_WARN_UNREACHABLE_CODE = YES;
				CLANG_WARN__DUPLICATE_METHOD_MATCH = YES;
				COPY_PHASE_STRIP = NO;
				DEBUG_INFORMATION_FORMAT = "dwarf-with-dsym";
				ENABLE_NS_ASSERTIONS = NO;
				ENABLE_STRICT_OBJC_MSGSEND = YES;
				GCC_C_LANGUAGE_STANDARD = gnu11;
				GCC_NO_COMMON_BLOCKS = YES;
				GCC_WARN_64_TO_32_BIT_CONVERSION = YES;
				GCC_WARN_ABOUT_RETURN_TYPE = YES_ERROR;
				GCC_WARN_UNDECLARED_SELECTOR = YES;
				GCC_WARN_UNINITIALIZED_AUTOS = YES_AGGRESSIVE;
				GCC_WARN_UNUSED_FUNCTION = YES;
				GCC_WARN_UNUSED_VARIABLE = YES;
				IPHONEOS_DEPLOYMENT_TARGET = 15.0;
				MTL_ENABLE_DEBUG_INFO = NO;
				MTL_FAST_MATH = YES;
				SDKROOT = iphoneos;
				SWIFT_COMPILATION_MODE = wholemodule;
				SWIFT_OPTIMIZATION_LEVEL = "-O";
				VALIDATE_PRODUCT = YES;
			};
			name = Release;
		};
		34335CA2286C8763000913BF /* Debug */ = {
			isa = XCBuildConfiguration;
			buildSettings = {
				ASSETCATALOG_COMPILER_APPICON_NAME = AppIcon;
				ASSETCATALOG_COMPILER_GLOBAL_ACCENT_COLOR_NAME = AccentColor;
				CODE_SIGN_STYLE = Automatic;
				CURRENT_PROJECT_VERSION = 1;
				DEVELOPMENT_TEAM = 8244FLRS75;
				GENERATE_INFOPLIST_FILE = YES;
				INFOPLIST_FILE = MixTwoApps/Info.plist;
				INFOPLIST_KEY_UIApplicationSupportsIndirectInputEvents = YES;
				INFOPLIST_KEY_UILaunchStoryboardName = LaunchScreen;
				INFOPLIST_KEY_UISupportedInterfaceOrientations_iPad = "UIInterfaceOrientationPortrait UIInterfaceOrientationPortraitUpsideDown UIInterfaceOrientationLandscapeLeft UIInterfaceOrientationLandscapeRight";
				INFOPLIST_KEY_UISupportedInterfaceOrientations_iPhone = "UIInterfaceOrientationPortrait UIInterfaceOrientationLandscapeLeft UIInterfaceOrientationLandscapeRight";
				LD_RUNPATH_SEARCH_PATHS = (
					"$(inherited)",
					"@executable_path/Frameworks",
				);
				MARKETING_VERSION = 1.0;
				PRODUCT_BUNDLE_IDENTIFIER = come.aselZhumalieva.MixTwoApps;
				PRODUCT_NAME = "$(TARGET_NAME)";
				SWIFT_EMIT_LOC_STRINGS = YES;
				SWIFT_VERSION = 5.0;
				TARGETED_DEVICE_FAMILY = "1,2";
			};
			name = Debug;
		};
		34335CA3286C8763000913BF /* Release */ = {
			isa = XCBuildConfiguration;
			buildSettings = {
				ASSETCATALOG_COMPILER_APPICON_NAME = AppIcon;
				ASSETCATALOG_COMPILER_GLOBAL_ACCENT_COLOR_NAME = AccentColor;
				CODE_SIGN_STYLE = Automatic;
				CURRENT_PROJECT_VERSION = 1;
				DEVELOPMENT_TEAM = 8244FLRS75;
				GENERATE_INFOPLIST_FILE = YES;
				INFOPLIST_FILE = MixTwoApps/Info.plist;
				INFOPLIST_KEY_UIApplicationSupportsIndirectInputEvents = YES;
				INFOPLIST_KEY_UILaunchStoryboardName = LaunchScreen;
				INFOPLIST_KEY_UISupportedInterfaceOrientations_iPad = "UIInterfaceOrientationPortrait UIInterfaceOrientationPortraitUpsideDown UIInterfaceOrientationLandscapeLeft UIInterfaceOrientationLandscapeRight";
				INFOPLIST_KEY_UISupportedInterfaceOrientations_iPhone = "UIInterfaceOrientationPortrait UIInterfaceOrientationLandscapeLeft UIInterfaceOrientationLandscapeRight";
				LD_RUNPATH_SEARCH_PATHS = (
					"$(inherited)",
					"@executable_path/Frameworks",
				);
				MARKETING_VERSION = 1.0;
				PRODUCT_BUNDLE_IDENTIFIER = come.aselZhumalieva.MixTwoApps;
				PRODUCT_NAME = "$(TARGET_NAME)";
				SWIFT_EMIT_LOC_STRINGS = YES;
				SWIFT_VERSION = 5.0;
				TARGETED_DEVICE_FAMILY = "1,2";
			};
			name = Release;
		};
/* End XCBuildConfiguration section */

/* Begin XCConfigurationList section */
		34335C88286C8761000913BF /* Build configuration list for PBXProject "MixTwoApps" */ = {
			isa = XCConfigurationList;
			buildConfigurations = (
				34335C9F286C8763000913BF /* Debug */,
				34335CA0286C8763000913BF /* Release */,
			);
			defaultConfigurationIsVisible = 0;
			defaultConfigurationName = Release;
		};
		34335CA1286C8763000913BF /* Build configuration list for PBXNativeTarget "MixTwoApps" */ = {
			isa = XCConfigurationList;
			buildConfigurations = (
				34335CA2286C8763000913BF /* Debug */,
				34335CA3286C8763000913BF /* Release */,
			);
			defaultConfigurationIsVisible = 0;
			defaultConfigurationName = Release;
		};
/* End XCConfigurationList section */
	};
	rootObject = 34335C85286C8761000913BF /* Project object */;
}
